
Microsoft Visual Studio Solution File, Format Version 12.00
# Visual Studio Version 16
VisualStudioVersion = 16.0.32802.440
MinimumVisualStudioVersion = 10.0.40219.1
Project("{9A19103F-16F7-4668-BE54-9A1E7A4F7556}") = "InfraStructure", "InfraStructure\InfraStructure.csproj", "{471CB069-7C6E-47FE-9696-7087D43B22A9}"
EndProject
Project("{9A19103F-16F7-4668-BE54-9A1E7A4F7556}") = "Core", "Core\Core.csproj", "{ABAAED88-204D-476F-9B35-195A07129D23}"
EndProject
Project("{FAE04EC0-301F-11D3-BF4B-00C04F79EFBC}") = "Presentation", "Presentation\Presentation.csproj", "{63167DE2-75FB-4ADE-96E5-98922DA9DCF2}"
EndProject
Global
	GlobalSection(SolutionConfigurationPlatforms) = preSolution
		Debug|Any CPU = Debug|Any CPU
		Release|Any CPU = Release|Any CPU
	EndGlobalSection
	GlobalSection(ProjectConfigurationPlatforms) = postSolution
		{471CB069-7C6E-47FE-9696-7087D43B22A9}.Debug|Any CPU.ActiveCfg = Debug|Any CPU
		{471CB069-7C6E-47FE-9696-7087D43B22A9}.Debug|Any CPU.Build.0 = Debug|Any CPU
		{471CB069-7C6E-47FE-9696-7087D43B22A9}.Release|Any CPU.ActiveCfg = Release|Any CPU
		{471CB069-7C6E-47FE-9696-7087D43B22A9}.Release|Any CPU.Build.0 = Release|Any CPU
		{ABAAED88-204D-476F-9B35-195A07129D23}.Debug|Any CPU.ActiveCfg = Debug|Any CPU
		{ABAAED88-204D-476F-9B35-195A07129D23}.Debug|Any CPU.Build.0 = Debug|Any CPU
		{ABAAED88-204D-476F-9B35-195A07129D23}.Release|Any CPU.ActiveCfg = Release|Any CPU
		{ABAAED88-204D-476F-9B35-195A07129D23}.Release|Any CPU.Build.0 = Release|Any CPU
		{63167DE2-75FB-4ADE-96E5-98922DA9DCF2}.Debug|Any CPU.ActiveCfg = Debug|Any CPU
		{63167DE2-75FB-4ADE-96E5-98922DA9DCF2}.Debug|Any CPU.Build.0 = Debug|Any CPU
		{63167DE2-75FB-4ADE-96E5-98922DA9DCF2}.Release|Any CPU.ActiveCfg = Release|Any CPU
		{63167DE2-75FB-4ADE-96E5-98922DA9DCF2}.Release|Any CPU.Build.0 = Release|Any CPU
	EndGlobalSection
	GlobalSection(SolutionProperties) = preSolution
		HideSolutionNode = FALSE
	EndGlobalSection
	GlobalSection(ExtensibilityGlobals) = postSolution
		SolutionGuid = {488DCC38-6A04-4E3D-8B42-C8ED121976B5}
	EndGlobalSection
EndGlobal
